
Microsoft Visual Studio Solution File, Format Version 12.00
# Visual Studio Version 17
VisualStudioVersion = 17.9.34616.47
MinimumVisualStudioVersion = 10.0.40219.1
Project("{FAE04EC0-301F-11D3-BF4B-00C04F79EFBC}") = "Main", "Main\Main.csproj", "{C68C41DB-1375-4BEA-B3E8-634376E8F2BF}"
EndProject
Project("{FAE04EC0-301F-11D3-BF4B-00C04F79EFBC}") = "View", "View\View.csproj", "{F982D057-3363-4650-ACD3-2964ABF9F936}"
EndProject
Global
	GlobalSection(SolutionConfigurationPlatforms) = preSolution
		Debug|Any CPU = Debug|Any CPU
		Release|Any CPU = Release|Any CPU
	EndGlobalSection
	GlobalSection(ProjectConfigurationPlatforms) = postSolution
		{C68C41DB-1375-4BEA-B3E8-634376E8F2BF}.Debug|Any CPU.ActiveCfg = Debug|Any CPU
		{C68C41DB-1375-4BEA-B3E8-634376E8F2BF}.Debug|Any CPU.Build.0 = Debug|Any CPU
		{C68C41DB-1375-4BEA-B3E8-634376E8F2BF}.Release|Any CPU.ActiveCfg = Release|Any CPU
		{C68C41DB-1375-4BEA-B3E8-634376E8F2BF}.Release|Any CPU.Build.0 = Release|Any CPU
		{F982D057-3363-4650-ACD3-2964ABF9F936}.Debug|Any CPU.ActiveCfg = Debug|Any CPU
		{F982D057-3363-4650-ACD3-2964ABF9F936}.Debug|Any CPU.Build.0 = Debug|Any CPU
		{F982D057-3363-4650-ACD3-2964ABF9F936}.Release|Any CPU.ActiveCfg = Release|Any CPU
		{F982D057-3363-4650-ACD3-2964ABF9F936}.Release|Any CPU.Build.0 = Release|Any CPU
	EndGlobalSection
	GlobalSection(SolutionProperties) = preSolution
		HideSolutionNode = FALSE
	EndGlobalSection
	GlobalSection(ExtensibilityGlobals) = postSolution
		SolutionGuid = {7B0C01BA-6D2B-464B-A6A8-A5B518387878}
	EndGlobalSection
EndGlobal
